
Microsoft Visual Studio Solution File, Format Version 11.00
# Visual C++ Express 2010
Project("{8BC9CEB8-8B4A-11D0-8D11-00A0C91BC942}") = "RNumber", "..\rnumber\RNumber.vcxproj", "{CC5366FA-1AFB-4A5D-9147-4DFFE78C1BD8}"
EndProject
Project("{8BC9CEB8-8B4A-11D0-8D11-00A0C91BC942}") = "IntbvRnum", "IntbvRnum.vcxproj", "{A03FA464-B1F5-4D18-8383-2E61D368339C}"
EndProject
Project("{8BC9CEB8-8B4A-11D0-8D11-00A0C91BC942}") = "Intbv", "Intbv.vcxproj", "{B4FD2C46-F8EC-4EDB-9321-B6C43D633184}"
EndProject
Project("{8BC9CEB8-8B4A-11D0-8D11-00A0C91BC942}") = "AdlSupport", "AdlSupport.vcxproj", "{3B4EDA13-663D-4353-9E9F-303F3452CF32}"
EndProject
Project("{8BC9CEB8-8B4A-11D0-8D11-00A0C91BC942}") = "AdlParsing", "AdlParsing.vcxproj", "{25BC2401-5D4C-48CB-AE3D-859B1496C3A7}"
EndProject
Project("{8BC9CEB8-8B4A-11D0-8D11-00A0C91BC942}") = "AdlIssLogging", "AdlIssLogging.vcxproj", "{37EB903C-074D-4FAC-AA99-42D795C56C23}"
EndProject
Project("{8BC9CEB8-8B4A-11D0-8D11-00A0C91BC942}") = "AdlIssTransLogging", "AdlIssTransLogging.vcxproj", "{020B6937-1DA3-441A-A67B-1DC91D80357F}"
EndProject
Project("{8BC9CEB8-8B4A-11D0-8D11-00A0C91BC942}") = "AdlIssSupport", "AdlIssSupport.vcxproj", "{A0A8CF8C-7E54-4B87-B496-1C9C9FAFADF5}"
EndProject
Project("{8BC9CEB8-8B4A-11D0-8D11-00A0C91BC942}") = "AdlIssExec", "AdlIssExec.vcxproj", "{C672645B-090E-40A7-A322-DD32AA8253B4}"
EndProject
Project("{8BC9CEB8-8B4A-11D0-8D11-00A0C91BC942}") = "model", "model.vcxproj", "{26C7E491-FE4D-44FC-9022-28A626BD3D36}"
EndProject
Project("{8BC9CEB8-8B4A-11D0-8D11-00A0C91BC942}") = "uADL", "uADL.vcxproj", "{5BA87C77-5389-4EDF-AC8F-61E2A913AECE}"
EndProject
Project("{8BC9CEB8-8B4A-11D0-8D11-00A0C91BC942}") = "AdlIssMain", "AdlIssMain.vcxproj", "{900ADEAB-3811-44EF-BE59-688674E5DDA1}"
EndProject
Project("{8BC9CEB8-8B4A-11D0-8D11-00A0C91BC942}") = "uadl-model", "uadl-model.vcxproj", "{B6C0AC5D-9CA9-4F53-9C53-F7F96EAA46D0}"
EndProject
Project("{8BC9CEB8-8B4A-11D0-8D11-00A0C91BC942}") = "uADLMain", "uADLMain.vcxproj", "{C28EF1A9-546F-4470-9AD2-7C4B8EA425CE}"
EndProject
Project("{8BC9CEB8-8B4A-11D0-8D11-00A0C91BC942}") = "libiberty", "libiberty.vcxproj", "{05CA59DE-8379-42FA-8660-B8F783AB02AA}"
EndProject
Project("{8BC9CEB8-8B4A-11D0-8D11-00A0C91BC942}") = "libopcode", "libopcode.vcxproj", "{3EB130EA-105B-443F-93D7-99BE1D2705E1}"
EndProject
Project("{8BC9CEB8-8B4A-11D0-8D11-00A0C91BC942}") = "libbfd", "libbfd.vcxproj", "{8F69EC84-6F2A-48CA-9869-7999E74C80B3}"
EndProject
Project("{8BC9CEB8-8B4A-11D0-8D11-00A0C91BC942}") = "libobjdump", "libbinutils.vcxproj", "{DD7B9960-C298-4F65-B0DB-8C904809BDBA}"
EndProject
Project("{8BC9CEB8-8B4A-11D0-8D11-00A0C91BC942}") = "libgas", "libgas.vcxproj", "{B9914C42-CA8A-452D-88C1-A1BDDE774913}"
EndProject
Project("{8BC9CEB8-8B4A-11D0-8D11-00A0C91BC942}") = "as-adl", "as-adl.vcxproj", "{3D20E058-27A5-498A-8220-C7DC48F47A27}"
EndProject
Project("{8BC9CEB8-8B4A-11D0-8D11-00A0C91BC942}") = "objdump-adl", "objdump-adl.vcxproj", "{A0A68BAB-2889-4B10-853E-B0D9D8F99858}"
EndProject
Project("{8BC9CEB8-8B4A-11D0-8D11-00A0C91BC942}") = "sysc-model", "sysc-model.vcxproj", "{D7A52B57-BE5B-482C-B5AE-E85B31F1A096}"
EndProject
Project("{8BC9CEB8-8B4A-11D0-8D11-00A0C91BC942}") = "mt-uadl-model", "mt-uadl-model.vcxproj", "{465FB134-239C-48A5-9C1E-6A100CD1DFAD}"
EndProject
Global
	GlobalSection(SolutionConfigurationPlatforms) = preSolution
		Debug|Win32 = Debug|Win32
		Release|Win32 = Release|Win32
	EndGlobalSection
	GlobalSection(ProjectConfigurationPlatforms) = postSolution
		{CC5366FA-1AFB-4A5D-9147-4DFFE78C1BD8}.Debug|Win32.ActiveCfg = Debug|Win32
		{CC5366FA-1AFB-4A5D-9147-4DFFE78C1BD8}.Debug|Win32.Build.0 = Debug|Win32
		{CC5366FA-1AFB-4A5D-9147-4DFFE78C1BD8}.Release|Win32.ActiveCfg = Release|Win32
		{CC5366FA-1AFB-4A5D-9147-4DFFE78C1BD8}.Release|Win32.Build.0 = Release|Win32
		{A03FA464-B1F5-4D18-8383-2E61D368339C}.Debug|Win32.ActiveCfg = Debug|Win32
		{A03FA464-B1F5-4D18-8383-2E61D368339C}.Debug|Win32.Build.0 = Debug|Win32
		{A03FA464-B1F5-4D18-8383-2E61D368339C}.Release|Win32.ActiveCfg = Release|Win32
		{A03FA464-B1F5-4D18-8383-2E61D368339C}.Release|Win32.Build.0 = Release|Win32
		{B4FD2C46-F8EC-4EDB-9321-B6C43D633184}.Debug|Win32.ActiveCfg = Debug|Win32
		{B4FD2C46-F8EC-4EDB-9321-B6C43D633184}.Debug|Win32.Build.0 = Debug|Win32
		{B4FD2C46-F8EC-4EDB-9321-B6C43D633184}.Release|Win32.ActiveCfg = Release|Win32
		{B4FD2C46-F8EC-4EDB-9321-B6C43D633184}.Release|Win32.Build.0 = Release|Win32
		{3B4EDA13-663D-4353-9E9F-303F3452CF32}.Debug|Win32.ActiveCfg = Debug|Win32
		{3B4EDA13-663D-4353-9E9F-303F3452CF32}.Debug|Win32.Build.0 = Debug|Win32
		{3B4EDA13-663D-4353-9E9F-303F3452CF32}.Release|Win32.ActiveCfg = Release|Win32
		{3B4EDA13-663D-4353-9E9F-303F3452CF32}.Release|Win32.Build.0 = Release|Win32
		{25BC2401-5D4C-48CB-AE3D-859B1496C3A7}.Debug|Win32.ActiveCfg = Debug|Win32
		{25BC2401-5D4C-48CB-AE3D-859B1496C3A7}.Debug|Win32.Build.0 = Debug|Win32
		{25BC2401-5D4C-48CB-AE3D-859B1496C3A7}.Release|Win32.ActiveCfg = Release|Win32
		{25BC2401-5D4C-48CB-AE3D-859B1496C3A7}.Release|Win32.Build.0 = Release|Win32
		{37EB903C-074D-4FAC-AA99-42D795C56C23}.Debug|Win32.ActiveCfg = Debug|Win32
		{37EB903C-074D-4FAC-AA99-42D795C56C23}.Debug|Win32.Build.0 = Debug|Win32
		{37EB903C-074D-4FAC-AA99-42D795C56C23}.Release|Win32.ActiveCfg = Release|Win32
		{37EB903C-074D-4FAC-AA99-42D795C56C23}.Release|Win32.Build.0 = Release|Win32
		{020B6937-1DA3-441A-A67B-1DC91D80357F}.Debug|Win32.ActiveCfg = Debug|Win32
		{020B6937-1DA3-441A-A67B-1DC91D80357F}.Debug|Win32.Build.0 = Debug|Win32
		{020B6937-1DA3-441A-A67B-1DC91D80357F}.Release|Win32.ActiveCfg = Release|Win32
		{020B6937-1DA3-441A-A67B-1DC91D80357F}.Release|Win32.Build.0 = Release|Win32
		{A0A8CF8C-7E54-4B87-B496-1C9C9FAFADF5}.Debug|Win32.ActiveCfg = Debug|Win32
		{A0A8CF8C-7E54-4B87-B496-1C9C9FAFADF5}.Debug|Win32.Build.0 = Debug|Win32
		{A0A8CF8C-7E54-4B87-B496-1C9C9FAFADF5}.Release|Win32.ActiveCfg = Release|Win32
		{A0A8CF8C-7E54-4B87-B496-1C9C9FAFADF5}.Release|Win32.Build.0 = Release|Win32
		{C672645B-090E-40A7-A322-DD32AA8253B4}.Debug|Win32.ActiveCfg = Debug|Win32
		{C672645B-090E-40A7-A322-DD32AA8253B4}.Debug|Win32.Build.0 = Debug|Win32
		{C672645B-090E-40A7-A322-DD32AA8253B4}.Release|Win32.ActiveCfg = Release|Win32
		{C672645B-090E-40A7-A322-DD32AA8253B4}.Release|Win32.Build.0 = Release|Win32
		{26C7E491-FE4D-44FC-9022-28A626BD3D36}.Debug|Win32.ActiveCfg = Debug|Win32
		{26C7E491-FE4D-44FC-9022-28A626BD3D36}.Debug|Win32.Build.0 = Debug|Win32
		{26C7E491-FE4D-44FC-9022-28A626BD3D36}.Release|Win32.ActiveCfg = Release|Win32
		{26C7E491-FE4D-44FC-9022-28A626BD3D36}.Release|Win32.Build.0 = Release|Win32
		{5BA87C77-5389-4EDF-AC8F-61E2A913AECE}.Debug|Win32.ActiveCfg = Debug|Win32
		{5BA87C77-5389-4EDF-AC8F-61E2A913AECE}.Debug|Win32.Build.0 = Debug|Win32
		{5BA87C77-5389-4EDF-AC8F-61E2A913AECE}.Release|Win32.ActiveCfg = Release|Win32
		{5BA87C77-5389-4EDF-AC8F-61E2A913AECE}.Release|Win32.Build.0 = Release|Win32
		{900ADEAB-3811-44EF-BE59-688674E5DDA1}.Debug|Win32.ActiveCfg = Debug|Win32
		{900ADEAB-3811-44EF-BE59-688674E5DDA1}.Debug|Win32.Build.0 = Debug|Win32
		{900ADEAB-3811-44EF-BE59-688674E5DDA1}.Release|Win32.ActiveCfg = Release|Win32
		{900ADEAB-3811-44EF-BE59-688674E5DDA1}.Release|Win32.Build.0 = Release|Win32
		{B6C0AC5D-9CA9-4F53-9C53-F7F96EAA46D0}.Debug|Win32.ActiveCfg = Debug|Win32
		{B6C0AC5D-9CA9-4F53-9C53-F7F96EAA46D0}.Debug|Win32.Build.0 = Debug|Win32
		{B6C0AC5D-9CA9-4F53-9C53-F7F96EAA46D0}.Release|Win32.ActiveCfg = Release|Win32
		{B6C0AC5D-9CA9-4F53-9C53-F7F96EAA46D0}.Release|Win32.Build.0 = Release|Win32
		{C28EF1A9-546F-4470-9AD2-7C4B8EA425CE}.Debug|Win32.ActiveCfg = Debug|Win32
		{C28EF1A9-546F-4470-9AD2-7C4B8EA425CE}.Debug|Win32.Build.0 = Debug|Win32
		{C28EF1A9-546F-4470-9AD2-7C4B8EA425CE}.Release|Win32.ActiveCfg = Release|Win32
		{C28EF1A9-546F-4470-9AD2-7C4B8EA425CE}.Release|Win32.Build.0 = Release|Win32
		{05CA59DE-8379-42FA-8660-B8F783AB02AA}.Debug|Win32.ActiveCfg = Debug|Win32
		{05CA59DE-8379-42FA-8660-B8F783AB02AA}.Debug|Win32.Build.0 = Debug|Win32
		{05CA59DE-8379-42FA-8660-B8F783AB02AA}.Release|Win32.ActiveCfg = Release|Win32
		{05CA59DE-8379-42FA-8660-B8F783AB02AA}.Release|Win32.Build.0 = Release|Win32
		{3EB130EA-105B-443F-93D7-99BE1D2705E1}.Debug|Win32.ActiveCfg = Debug|Win32
		{3EB130EA-105B-443F-93D7-99BE1D2705E1}.Debug|Win32.Build.0 = Debug|Win32
		{3EB130EA-105B-443F-93D7-99BE1D2705E1}.Release|Win32.ActiveCfg = Release|Win32
		{3EB130EA-105B-443F-93D7-99BE1D2705E1}.Release|Win32.Build.0 = Release|Win32
		{8F69EC84-6F2A-48CA-9869-7999E74C80B3}.Debug|Win32.ActiveCfg = Debug|Win32
		{8F69EC84-6F2A-48CA-9869-7999E74C80B3}.Debug|Win32.Build.0 = Debug|Win32
		{8F69EC84-6F2A-48CA-9869-7999E74C80B3}.Release|Win32.ActiveCfg = Release|Win32
		{8F69EC84-6F2A-48CA-9869-7999E74C80B3}.Release|Win32.Build.0 = Release|Win32
		{DD7B9960-C298-4F65-B0DB-8C904809BDBA}.Debug|Win32.ActiveCfg = Debug|Win32
		{DD7B9960-C298-4F65-B0DB-8C904809BDBA}.Debug|Win32.Build.0 = Debug|Win32
		{DD7B9960-C298-4F65-B0DB-8C904809BDBA}.Release|Win32.ActiveCfg = Release|Win32
		{DD7B9960-C298-4F65-B0DB-8C904809BDBA}.Release|Win32.Build.0 = Release|Win32
		{B9914C42-CA8A-452D-88C1-A1BDDE774913}.Debug|Win32.ActiveCfg = Debug|Win32
		{B9914C42-CA8A-452D-88C1-A1BDDE774913}.Debug|Win32.Build.0 = Debug|Win32
		{B9914C42-CA8A-452D-88C1-A1BDDE774913}.Release|Win32.ActiveCfg = Release|Win32
		{B9914C42-CA8A-452D-88C1-A1BDDE774913}.Release|Win32.Build.0 = Release|Win32
		{3D20E058-27A5-498A-8220-C7DC48F47A27}.Debug|Win32.ActiveCfg = Debug|Win32
		{3D20E058-27A5-498A-8220-C7DC48F47A27}.Debug|Win32.Build.0 = Debug|Win32
		{3D20E058-27A5-498A-8220-C7DC48F47A27}.Release|Win32.ActiveCfg = Release|Win32
		{3D20E058-27A5-498A-8220-C7DC48F47A27}.Release|Win32.Build.0 = Release|Win32
		{A0A68BAB-2889-4B10-853E-B0D9D8F99858}.Debug|Win32.ActiveCfg = Debug|Win32
		{A0A68BAB-2889-4B10-853E-B0D9D8F99858}.Debug|Win32.Build.0 = Debug|Win32
		{A0A68BAB-2889-4B10-853E-B0D9D8F99858}.Release|Win32.ActiveCfg = Release|Win32
		{A0A68BAB-2889-4B10-853E-B0D9D8F99858}.Release|Win32.Build.0 = Release|Win32
		{D7A52B57-BE5B-482C-B5AE-E85B31F1A096}.Debug|Win32.ActiveCfg = Debug|Win32
		{D7A52B57-BE5B-482C-B5AE-E85B31F1A096}.Debug|Win32.Build.0 = Debug|Win32
		{D7A52B57-BE5B-482C-B5AE-E85B31F1A096}.Release|Win32.ActiveCfg = Release|Win32
		{D7A52B57-BE5B-482C-B5AE-E85B31F1A096}.Release|Win32.Build.0 = Release|Win32
		{465FB134-239C-48A5-9C1E-6A100CD1DFAD}.Debug|Win32.ActiveCfg = Debug|Win32
		{465FB134-239C-48A5-9C1E-6A100CD1DFAD}.Debug|Win32.Build.0 = Debug|Win32
		{465FB134-239C-48A5-9C1E-6A100CD1DFAD}.Release|Win32.ActiveCfg = Release|Win32
		{465FB134-239C-48A5-9C1E-6A100CD1DFAD}.Release|Win32.Build.0 = Release|Win32
	EndGlobalSection
	GlobalSection(SolutionProperties) = preSolution
		HideSolutionNode = FALSE
	EndGlobalSection
EndGlobal
